
Microsoft Visual Studio Solution File, Format Version 12.00
# Visual Studio Version 17
VisualStudioVersion = 17.8.34330.188
MinimumVisualStudioVersion = 10.0.40219.1
Project("{FAE04EC0-301F-11D3-BF4B-00C04F79EFBC}") = "ApiMicroservicesProduct", "Backend\ApiMicroservicesProduct\ApiMicroservicesProduct.csproj", "{5D680E2C-9366-4725-AB00-3CFFF0FE90B4}"
EndProject
Project("{2150E333-8FDC-42A3-9474-1A3956D46DE8}") = "Backend", "Backend", "{475B6B16-8D9F-48F0-AED3-F33CD44E17B2}"
EndProject
Project("{FAE04EC0-301F-11D3-BF4B-00C04F79EFBC}") = "ApiMicroservicesProductTest", "Backend\ApiMicroservicesProductTest\ApiMicroservicesProductTest.csproj", "{B320B111-0979-46C4-B163-260A91C78C25}"
EndProject
Global
	GlobalSection(SolutionConfigurationPlatforms) = preSolution
		Debug|Any CPU = Debug|Any CPU
		Release|Any CPU = Release|Any CPU
	EndGlobalSection
	GlobalSection(ProjectConfigurationPlatforms) = postSolution
		{5D680E2C-9366-4725-AB00-3CFFF0FE90B4}.Debug|Any CPU.ActiveCfg = Debug|Any CPU
		{5D680E2C-9366-4725-AB00-3CFFF0FE90B4}.Debug|Any CPU.Build.0 = Debug|Any CPU
		{5D680E2C-9366-4725-AB00-3CFFF0FE90B4}.Release|Any CPU.ActiveCfg = Release|Any CPU
		{5D680E2C-9366-4725-AB00-3CFFF0FE90B4}.Release|Any CPU.Build.0 = Release|Any CPU
		{B320B111-0979-46C4-B163-260A91C78C25}.Debug|Any CPU.ActiveCfg = Debug|Any CPU
		{B320B111-0979-46C4-B163-260A91C78C25}.Debug|Any CPU.Build.0 = Debug|Any CPU
		{B320B111-0979-46C4-B163-260A91C78C25}.Release|Any CPU.ActiveCfg = Release|Any CPU
		{B320B111-0979-46C4-B163-260A91C78C25}.Release|Any CPU.Build.0 = Release|Any CPU
	EndGlobalSection
	GlobalSection(SolutionProperties) = preSolution
		HideSolutionNode = FALSE
	EndGlobalSection
	GlobalSection(NestedProjects) = preSolution
		{5D680E2C-9366-4725-AB00-3CFFF0FE90B4} = {475B6B16-8D9F-48F0-AED3-F33CD44E17B2}
		{B320B111-0979-46C4-B163-260A91C78C25} = {475B6B16-8D9F-48F0-AED3-F33CD44E17B2}
	EndGlobalSection
	GlobalSection(ExtensibilityGlobals) = postSolution
		SolutionGuid = {0D407C88-013D-40D1-9932-E604D36A3827}
	EndGlobalSection
EndGlobal
